// !$*UTF8*$!
{
	archiveVersion = 1;
	classes = {
	};
	objectVersion = 46;
	objects = {

/* Begin PBXBuildFile section */
		3C1846181F95FC7700D695F8 /* AppDelegate.swift in Sources */ = {isa = PBXBuildFile; fileRef = 3C1846171F95FC7700D695F8 /* AppDelegate.swift */; };
		3C18461A1F95FC7700D695F8 /* ViewController.swift in Sources */ = {isa = PBXBuildFile; fileRef = 3C1846191F95FC7700D695F8 /* ViewController.swift */; };
		3C18461D1F95FC7700D695F8 /* Main.storyboard in Resources */ = {isa = PBXBuildFile; fileRef = 3C18461B1F95FC7700D695F8 /* Main.storyboard */; };
		3C18461F1F95FC7700D695F8 /* Assets.xcassets in Resources */ = {isa = PBXBuildFile; fileRef = 3C18461E1F95FC7700D695F8 /* Assets.xcassets */; };
		3C1846221F95FC7700D695F8 /* LaunchScreen.storyboard in Resources */ = {isa = PBXBuildFile; fileRef = 3C1846201F95FC7700D695F8 /* LaunchScreen.storyboard */; };
		3C18462A1F95FD9D00D695F8 /* thumbTint.png in Resources */ = {isa = PBXBuildFile; fileRef = 3C1846291F95FD9D00D695F8 /* thumbTint.png */; };
		3C18462C1F95FDCA00D695F8 /* LeftRightSlider.swift in Sources */ = {isa = PBXBuildFile; fileRef = 3C18462B1F95FDCA00D695F8 /* LeftRightSlider.swift */; };
		3C18462E1F95FDD800D695F8 /* LeftRightColor.swift in Sources */ = {isa = PBXBuildFile; fileRef = 3C18462D1F95FDD800D695F8 /* LeftRightColor.swift */; };
		3C33C3E71FA02B0800C2EE88 /* LeftRightSliderDelegate.swift in Sources */ = {isa = PBXBuildFile; fileRef = 3C33C3E61FA02B0800C2EE88 /* LeftRightSliderDelegate.swift */; };
		3C9A841E1F9609D8005F72D1 /* UIView+Extension.swift in Sources */ = {isa = PBXBuildFile; fileRef = 3C9A841D1F9609D8005F72D1 /* UIView+Extension.swift */; };
/* End PBXBuildFile section */

/* Begin PBXFileReference section */
		3C1846141F95FC7700D695F8 /* LeftRightSlider.app */ = {isa = PBXFileReference; explicitFileType = wrapper.application; includeInIndex = 0; path = LeftRightSlider.app; sourceTree = BUILT_PRODUCTS_DIR; };
		3C1846171F95FC7700D695F8 /* AppDelegate.swift */ = {isa = PBXFileReference; lastKnownFileType = sourcecode.swift; path = AppDelegate.swift; sourceTree = "<group>"; };
		3C1846191F95FC7700D695F8 /* ViewController.swift */ = {isa = PBXFileReference; lastKnownFileType = sourcecode.swift; path = ViewController.swift; sourceTree = "<group>"; };
		3C18461C1F95FC7700D695F8 /* Base */ = {isa = PBXFileReference; lastKnownFileType = file.storyboard; name = Base; path = Base.lproj/Main.storyboard; sourceTree = "<group>"; };
		3C18461E1F95FC7700D695F8 /* Assets.xcassets */ = {isa = PBXFileReference; lastKnownFileType = folder.assetcatalog; path = Assets.xcassets; sourceTree = "<group>"; };
		3C1846211F95FC7700D695F8 /* Base */ = {isa = PBXFileReference; lastKnownFileType = file.storyboard; name = Base; path = Base.lproj/LaunchScreen.storyboard; sourceTree = "<group>"; };
		3C1846231F95FC7700D695F8 /* Info.plist */ = {isa = PBXFileReference; lastKnownFileType = text.plist.xml; path = Info.plist; sourceTree = "<group>"; };
		3C1846291F95FD9D00D695F8 /* thumbTint.png */ = {isa = PBXFileReference; lastKnownFileType = image.png; path = thumbTint.png; sourceTree = "<group>"; };
		3C18462B1F95FDCA00D695F8 /* LeftRightSlider.swift */ = {isa = PBXFileReference; fileEncoding = 4; lastKnownFileType = sourcecode.swift; path = LeftRightSlider.swift; sourceTree = "<group>"; };
		3C18462D1F95FDD800D695F8 /* LeftRightColor.swift */ = {isa = PBXFileReference; fileEncoding = 4; lastKnownFileType = sourcecode.swift; path = LeftRightColor.swift; sourceTree = "<group>"; };
		3C33C3E61FA02B0800C2EE88 /* LeftRightSliderDelegate.swift */ = {isa = PBXFileReference; lastKnownFileType = sourcecode.swift; path = LeftRightSliderDelegate.swift; sourceTree = "<group>"; };
		3C9A841D1F9609D8005F72D1 /* UIView+Extension.swift */ = {isa = PBXFileReference; lastKnownFileType = sourcecode.swift; path = "UIView+Extension.swift"; sourceTree = "<group>"; };
/* End PBXFileReference section */

/* Begin PBXFrameworksBuildPhase section */
		3C1846111F95FC7700D695F8 /* Frameworks */ = {
			isa = PBXFrameworksBuildPhase;
			buildActionMask = 2147483647;
			files = (
			);
			runOnlyForDeploymentPostprocessing = 0;
		};
/* End PBXFrameworksBuildPhase section */

/* Begin PBXGroup section */
		3C18460B1F95FC7700D695F8 = {
			isa = PBXGroup;
			children = (
				3C1846161F95FC7700D695F8 /* LeftRightSlider */,
				3C1846151F95FC7700D695F8 /* Products */,
			);
			sourceTree = "<group>";
		};
		3C1846151F95FC7700D695F8 /* Products */ = {
			isa = PBXGroup;
			children = (
				3C1846141F95FC7700D695F8 /* LeftRightSlider.app */,
			);
			name = Products;
			sourceTree = "<group>";
		};
		3C1846161F95FC7700D695F8 /* LeftRightSlider */ = {
			isa = PBXGroup;
			children = (
				3CC9CE9E1FA71F39005F5FFA /* Slider */,
				3C1846291F95FD9D00D695F8 /* thumbTint.png */,
				3C1846171F95FC7700D695F8 /* AppDelegate.swift */,
				3C1846191F95FC7700D695F8 /* ViewController.swift */,
				3C18461B1F95FC7700D695F8 /* Main.storyboard */,
				3C18461E1F95FC7700D695F8 /* Assets.xcassets */,
				3C1846201F95FC7700D695F8 /* LaunchScreen.storyboard */,
				3C1846231F95FC7700D695F8 /* Info.plist */,
				3C9A841D1F9609D8005F72D1 /* UIView+Extension.swift */,
			);
			path = LeftRightSlider;
			sourceTree = "<group>";
		};
		3CC9CE9E1FA71F39005F5FFA /* Slider */ = {
			isa = PBXGroup;
			children = (
				3C18462B1F95FDCA00D695F8 /* LeftRightSlider.swift */,
				3C18462D1F95FDD800D695F8 /* LeftRightColor.swift */,
				3C33C3E61FA02B0800C2EE88 /* LeftRightSliderDelegate.swift */,
			);
			path = Slider;
			sourceTree = "<group>";
		};
/* End PBXGroup section */

/* Begin PBXNativeTarget section */
		3C1846131F95FC7700D695F8 /* LeftRightSlider */ = {
			isa = PBXNativeTarget;
			buildConfigurationList = 3C1846261F95FC7700D695F8 /* Build configuration list for PBXNativeTarget "LeftRightSlider" */;
			buildPhases = (
				3C1846101F95FC7700D695F8 /* Sources */,
				3C1846111F95FC7700D695F8 /* Frameworks */,
				3C1846121F95FC7700D695F8 /* Resources */,
			);
			buildRules = (
			);
			dependencies = (
			);
			name = LeftRightSlider;
			productName = LeftRightSlider;
			productReference = 3C1846141F95FC7700D695F8 /* LeftRightSlider.app */;
			productType = "com.apple.product-type.application";
		};
/* End PBXNativeTarget section */

/* Begin PBXProject section */
		3C18460C1F95FC7700D695F8 /* Project object */ = {
			isa = PBXProject;
			attributes = {
				LastSwiftUpdateCheck = 0830;
				LastUpgradeCheck = 0900;
				ORGANIZATIONNAME = TL;
				TargetAttributes = {
					3C1846131F95FC7700D695F8 = {
						CreatedOnToolsVersion = 8.3.2;
						DevelopmentTeam = 26QFK2N4FL;
						LastSwiftMigration = 0900;
						ProvisioningStyle = Automatic;
					};
				};
			};
			buildConfigurationList = 3C18460F1F95FC7700D695F8 /* Build configuration list for PBXProject "LeftRightSlider" */;
			compatibilityVersion = "Xcode 3.2";
			developmentRegion = English;
			hasScannedForEncodings = 0;
			knownRegions = (
				en,
				Base,
			);
			mainGroup = 3C18460B1F95FC7700D695F8;
			productRefGroup = 3C1846151F95FC7700D695F8 /* Products */;
			projectDirPath = "";
			projectRoot = "";
			targets = (
				3C1846131F95FC7700D695F8 /* LeftRightSlider */,
			);
		};
/* End PBXProject section */

/* Begin PBXResourcesBuildPhase section */
		3C1846121F95FC7700D695F8 /* Resources */ = {
			isa = PBXResourcesBuildPhase;
			buildActionMask = 2147483647;
			files = (
				3C1846221F95FC7700D695F8 /* LaunchScreen.storyboard in Resources */,
				3C18461F1F95FC7700D695F8 /* Assets.xcassets in Resources */,
				3C18461D1F95FC7700D695F8 /* Main.storyboard in Resources */,
				3C18462A1F95FD9D00D695F8 /* thumbTint.png in Resources */,
			);
			runOnlyForDeploymentPostprocessing = 0;
		};
/* End PBXResourcesBuildPhase section */

/* Begin PBXSourcesBuildPhase section */
		3C1846101F95FC7700D695F8 /* Sources */ = {
			isa = PBXSourcesBuildPhase;
			buildActionMask = 2147483647;
			files = (
				3C18461A1F95FC7700D695F8 /* ViewController.swift in Sources */,
				3C18462C1F95FDCA00D695F8 /* LeftRightSlider.swift in Sources */,
				3C1846181F95FC7700D695F8 /* AppDelegate.swift in Sources */,
				3C33C3E71FA02B0800C2EE88 /* LeftRightSliderDelegate.swift in Sources */,
				3C9A841E1F9609D8005F72D1 /* UIView+Extension.swift in Sources */,
				3C18462E1F95FDD800D695F8 /* LeftRightColor.swift in Sources */,
			);
			runOnlyForDeploymentPostprocessing = 0;
		};
/* End PBXSourcesBuildPhase section */

/* Begin PBXVariantGroup section */
		3C18461B1F95FC7700D695F8 /* Main.storyboard */ = {
			isa = PBXVariantGroup;
			children = (
				3C18461C1F95FC7700D695F8 /* Base */,
			);
			name = Main.storyboard;
			sourceTree = "<group>";
		};
		3C1846201F95FC7700D695F8 /* LaunchScreen.storyboard */ = {
			isa = PBXVariantGroup;
			children = (
				3C1846211F95FC7700D695F8 /* Base */,
			);
			name = LaunchScreen.storyboard;
			sourceTree = "<group>";
		};
/* End PBXVariantGroup section */

/* Begin XCBuildConfiguration section */
		3C1846241F95FC7700D695F8 /* Debug */ = {
			isa = XCBuildConfiguration;
			buildSettings = {
				ALWAYS_SEARCH_USER_PATHS = NO;
				CLANG_ANALYZER_NONNULL = YES;
				CLANG_ANALYZER_NUMBER_OBJECT_CONVERSION = YES_AGGRESSIVE;
				CLANG_CXX_LANGUAGE_STANDARD = "gnu++0x";
				CLANG_CXX_LIBRARY = "libc++";
				CLANG_ENABLE_MODULES = YES;
				CLANG_ENABLE_OBJC_ARC = YES;
				CLANG_WARN_BLOCK_CAPTURE_AUTORELEASING = YES;
				CLANG_WARN_BOOL_CONVERSION = YES;
				CLANG_WARN_COMMA = YES;
				CLANG_WARN_CONSTANT_CONVERSION = YES;
				CLANG_WARN_DIRECT_OBJC_ISA_USAGE = YES_ERROR;
				CLANG_WARN_DOCUMENTATION_COMMENTS = YES;
				CLANG_WARN_EMPTY_BODY = YES;
				CLANG_WARN_ENUM_CONVERSION = YES;
				CLANG_WARN_INFINITE_RECURSION = YES;
				CLANG_WARN_INT_CONVERSION = YES;
				CLANG_WARN_NON_LITERAL_NULL_CONVERSION = YES;
				CLANG_WARN_OBJC_LITERAL_CONVERSION = YES;
				CLANG_WARN_OBJC_ROOT_CLASS = YES_ERROR;
				CLANG_WARN_RANGE_LOOP_ANALYSIS = YES;
				CLANG_WARN_STRICT_PROTOTYPES = YES;
				CLANG_WARN_SUSPICIOUS_MOVE = YES;
				CLANG_WARN_UNREACHABLE_CODE = YES;
				CLANG_WARN__DUPLICATE_METHOD_MATCH = YES;
				"CODE_SIGN_IDENTITY[sdk=iphoneos*]" = "iPhone Developer";
				COPY_PHASE_STRIP = NO;
				DEBUG_INFORMATION_FORMAT = dwarf;
				ENABLE_STRICT_OBJC_MSGSEND = YES;
				ENABLE_TESTABILITY = YES;
				GCC_C_LANGUAGE_STANDARD = gnu99;
				GCC_DYNAMIC_NO_PIC = NO;
				GCC_NO_COMMON_BLOCKS = YES;
				GCC_OPTIMIZATION_LEVEL = 0;
				GCC_PREPROCESSOR_DEFINITIONS = (
					"DEBUG=1",
					"$(inherited)",
				);
				GCC_WARN_64_TO_32_BIT_CONVERSION = YES;
				GCC_WARN_ABOUT_RETURN_TYPE = YES_ERROR;
				GCC_WARN_UNDECLARED_SELECTOR = YES;
				GCC_WARN_UNINITIALIZED_AUTOS = YES_AGGRESSIVE;
				GCC_WARN_UNUSED_FUNCTION = YES;
				GCC_WARN_UNUSED_VARIABLE = YES;
				IPHONEOS_DEPLOYMENT_TARGET = 10.3;
				MTL_ENABLE_DEBUG_INFO = YES;
				ONLY_ACTIVE_ARCH = YES;
				SDKROOT = iphoneos;
				SWIFT_ACTIVE_COMPILATION_CONDITIONS = DEBUG;
				SWIFT_OPTIMIZATION_LEVEL = "-Onone";
				TARGETED_DEVICE_FAMILY = "1,2";
			};
			name = Debug;
		};
		3C1846251F95FC7700D695F8 /* Release */ = {
			isa = XCBuildConfiguration;
			buildSettings = {
				ALWAYS_SEARCH_USER_PATHS = NO;
				CLANG_ANALYZER_NONNULL = YES;
				CLANG_ANALYZER_NUMBER_OBJECT_CONVERSION = YES_AGGRESSIVE;
				CLANG_CXX_LANGUAGE_STANDARD = "gnu++0x";
				CLANG_CXX_LIBRARY = "libc++";
				CLANG_ENABLE_MODULES = YES;
				CLANG_ENABLE_OBJC_ARC = YES;
				CLANG_WARN_BLOCK_CAPTURE_AUTORELEASING = YES;
				CLANG_WARN_BOOL_CONVERSION = YES;
				CLANG_WARN_COMMA = YES;
				CLANG_WARN_CONSTANT_CONVERSION = YES;
				CLANG_WARN_DIRECT_OBJC_ISA_USAGE = YES_ERROR;
				CLANG_WARN_DOCUMENTATION_COMMENTS = YES;
				CLANG_WARN_EMPTY_BODY = YES;
				CLANG_WARN_ENUM_CONVERSION = YES;
				CLANG_WARN_INFINITE_RECURSION = YES;
				CLANG_WARN_INT_CONVERSION = YES;
				CLANG_WARN_NON_LITERAL_NULL_CONVERSION = YES;
				CLANG_WARN_OBJC_LITERAL_CONVERSION = YES;
				CLANG_WARN_OBJC_ROOT_CLASS = YES_ERROR;
				CLANG_WARN_RANGE_LOOP_ANALYSIS = YES;
				CLANG_WARN_STRICT_PROTOTYPES = YES;
				CLANG_WARN_SUSPICIOUS_MOVE = YES;
				CLANG_WARN_UNREACHABLE_CODE = YES;
				CLANG_WARN__DUPLICATE_METHOD_MATCH = YES;
				"CODE_SIGN_IDENTITY[sdk=iphoneos*]" = "iPhone Developer";
				COPY_PHASE_STRIP = NO;
				DEBUG_INFORMATION_FORMAT = "dwarf-with-dsym";
				ENABLE_NS_ASSERTIONS = NO;
				ENABLE_STRICT_OBJC_MSGSEND = YES;
				GCC_C_LANGUAGE_STANDARD = gnu99;
				GCC_NO_COMMON_BLOCKS = YES;
				GCC_WARN_64_TO_32_BIT_CONVERSION = YES;
				GCC_WARN_ABOUT_RETURN_TYPE = YES_ERROR;
				GCC_WARN_UNDECLARED_SELECTOR = YES;
				GCC_WARN_UNINITIALIZED_AUTOS = YES_AGGRESSIVE;
				GCC_WARN_UNUSED_FUNCTION = YES;
				GCC_WARN_UNUSED_VARIABLE = YES;
				IPHONEOS_DEPLOYMENT_TARGET = 10.3;
				MTL_ENABLE_DEBUG_INFO = NO;
				SDKROOT = iphoneos;
				SWIFT_OPTIMIZATION_LEVEL = "-Owholemodule";
				TARGETED_DEVICE_FAMILY = "1,2";
				VALIDATE_PRODUCT = YES;
			};
			name = Release;
		};
		3C1846271F95FC7700D695F8 /* Debug */ = {
			isa = XCBuildConfiguration;
			buildSettings = {
				ASSETCATALOG_COMPILER_APPICON_NAME = AppIcon;
				DEVELOPMENT_TEAM = 26QFK2N4FL;
				INFOPLIST_FILE = LeftRightSlider/Info.plist;
				IPHONEOS_DEPLOYMENT_TARGET = 8.0;
				LD_RUNPATH_SEARCH_PATHS = "$(inherited) @executable_path/Frameworks";
				PRODUCT_BUNDLE_IDENTIFIER = com.tienle.test2;
				PRODUCT_NAME = "$(TARGET_NAME)";
				SWIFT_SWIFT3_OBJC_INFERENCE = On;
				SWIFT_VERSION = 4.0;
			};
			name = Debug;
		};
		3C1846281F95FC7700D695F8 /* Release */ = {
			isa = XCBuildConfiguration;
			buildSettings = {
				ASSETCATALOG_COMPILER_APPICON_NAME = AppIcon;
				DEVELOPMENT_TEAM = 26QFK2N4FL;
				INFOPLIST_FILE = LeftRightSlider/Info.plist;
				IPHONEOS_DEPLOYMENT_TARGET = 8.0;
				LD_RUNPATH_SEARCH_PATHS = "$(inherited) @executable_path/Frameworks";
				PRODUCT_BUNDLE_IDENTIFIER = com.tienle.test2;
				PRODUCT_NAME = "$(TARGET_NAME)";
				SWIFT_SWIFT3_OBJC_INFERENCE = On;
				SWIFT_VERSION = 4.0;
			};
			name = Release;
		};
/* End XCBuildConfiguration section */

/* Begin XCConfigurationList section */
		3C18460F1F95FC7700D695F8 /* Build configuration list for PBXProject "LeftRightSlider" */ = {
			isa = XCConfigurationList;
			buildConfigurations = (
				3C1846241F95FC7700D695F8 /* Debug */,
				3C1846251F95FC7700D695F8 /* Release */,
			);
			defaultConfigurationIsVisible = 0;
			defaultConfigurationName = Release;
		};
		3C1846261F95FC7700D695F8 /* Build configuration list for PBXNativeTarget "LeftRightSlider" */ = {
			isa = XCConfigurationList;
			buildConfigurations = (
				3C1846271F95FC7700D695F8 /* Debug */,
				3C1846281F95FC7700D695F8 /* Release */,
			);
			defaultConfigurationIsVisible = 0;
			defaultConfigurationName = Release;
		};
/* End XCConfigurationList section */
	};
	rootObject = 3C18460C1F95FC7700D695F8 /* Project object */;
}
